
Microsoft Visual Studio Solution File, Format Version 12.00
# Visual Studio Version 17
VisualStudioVersion = 17.11.35303.130
MinimumVisualStudioVersion = 10.0.40219.1
Project("{FAE04EC0-301F-11D3-BF4B-00C04F79EFBC}") = "MessagesSys", "MessagesSys\MessagesSys.csproj", "{3897B9E5-F435-479D-9981-B4EFB03ACD83}"
EndProject
Global
	GlobalSection(SolutionConfigurationPlatforms) = preSolution
		Debug|Any CPU = Debug|Any CPU
		Release|Any CPU = Release|Any CPU
	EndGlobalSection
	GlobalSection(ProjectConfigurationPlatforms) = postSolution
		{3897B9E5-F435-479D-9981-B4EFB03ACD83}.Debug|Any CPU.ActiveCfg = Debug|Any CPU
		{3897B9E5-F435-479D-9981-B4EFB03ACD83}.Debug|Any CPU.Build.0 = Debug|Any CPU
		{3897B9E5-F435-479D-9981-B4EFB03ACD83}.Release|Any CPU.ActiveCfg = Release|Any CPU
		{3897B9E5-F435-479D-9981-B4EFB03ACD83}.Release|Any CPU.Build.0 = Release|Any CPU
	EndGlobalSection
	GlobalSection(SolutionProperties) = preSolution
		HideSolutionNode = FALSE
	EndGlobalSection
	GlobalSection(ExtensibilityGlobals) = postSolution
		SolutionGuid = {66B53F11-9D6C-43AF-8136-AA6911E0035E}
	EndGlobalSection
EndGlobal
